
Microsoft Visual Studio Solution File, Format Version 12.00
# Visual Studio Version 17
VisualStudioVersion = 17.11.35327.3
MinimumVisualStudioVersion = 10.0.40219.1
Project("{9A19103F-16F7-4668-BE54-9A1E7A4F7556}") = "alteon-orchestrator", "alteon-orchestrator\alteon-orchestrator.csproj", "{E3D51525-B1FB-4B14-B7AD-0430A8718DEE}"
EndProject
Project("{2150E333-8FDC-42A3-9474-1A3956D46DE8}") = "Solution Items", "Solution Items", "{583BA6E4-B528-45FE-B027-3ECE30FB7500}"
	ProjectSection(SolutionItems) = preProject
		CHANGELOG.md = CHANGELOG.md
		integration-manifest.json = integration-manifest.json
		readme_source.md = readme_source.md
	EndProjectSection
EndProject
Project("{2150E333-8FDC-42A3-9474-1A3956D46DE8}") = "images", "images", "{C6C2BDB3-1D29-4E41-900D-9F4C384D6089}"
	ProjectSection(SolutionItems) = preProject
		images\add-cert-store-button.png = images\add-cert-store-button.png
		images\add-store-type.png = images\add-store-type.png
		images\alteon-certificate-store.png = images\alteon-certificate-store.png
		images\store-types-menu.png = images\store-types-menu.png
	EndProjectSection
EndProject
Global
	GlobalSection(SolutionConfigurationPlatforms) = preSolution
		Debug|Any CPU = Debug|Any CPU
		Release|Any CPU = Release|Any CPU
	EndGlobalSection
	GlobalSection(ProjectConfigurationPlatforms) = postSolution
		{E3D51525-B1FB-4B14-B7AD-0430A8718DEE}.Debug|Any CPU.ActiveCfg = Debug|Any CPU
		{E3D51525-B1FB-4B14-B7AD-0430A8718DEE}.Debug|Any CPU.Build.0 = Debug|Any CPU
		{E3D51525-B1FB-4B14-B7AD-0430A8718DEE}.Release|Any CPU.ActiveCfg = Release|Any CPU
		{E3D51525-B1FB-4B14-B7AD-0430A8718DEE}.Release|Any CPU.Build.0 = Release|Any CPU
	EndGlobalSection
	GlobalSection(SolutionProperties) = preSolution
		HideSolutionNode = FALSE
	EndGlobalSection
	GlobalSection(NestedProjects) = preSolution
		{C6C2BDB3-1D29-4E41-900D-9F4C384D6089} = {583BA6E4-B528-45FE-B027-3ECE30FB7500}
	EndGlobalSection
	GlobalSection(ExtensibilityGlobals) = postSolution
		SolutionGuid = {3D825B31-0AC1-42FB-A838-8EDEE5DDC399}
	EndGlobalSection
EndGlobal
